// !$*UTF8*$!
{
	archiveVersion = 1;
	classes = {
	};
	objectVersion = 56;
	objects = {

/* Begin PBXBuildFile section */
		D80410422A6BBA6C00E6A775 /* APICaller.swift in Sources */ = {isa = PBXBuildFile; fileRef = D80410412A6BBA6C00E6A775 /* APICaller.swift */; };
		D80410442A6BBAE600E6A775 /* TrendingMoviesModel.swift in Sources */ = {isa = PBXBuildFile; fileRef = D80410432A6BBAE600E6A775 /* TrendingMoviesModel.swift */; };
		D824A7872A6AEC5600EA5EFE /* AppDelegate.swift in Sources */ = {isa = PBXBuildFile; fileRef = D824A7862A6AEC5600EA5EFE /* AppDelegate.swift */; };
		D824A7892A6AEC5600EA5EFE /* SceneDelegate.swift in Sources */ = {isa = PBXBuildFile; fileRef = D824A7882A6AEC5600EA5EFE /* SceneDelegate.swift */; };
		D824A78E2A6AEC5600EA5EFE /* Main.storyboard in Resources */ = {isa = PBXBuildFile; fileRef = D824A78C2A6AEC5600EA5EFE /* Main.storyboard */; };
		D824A7902A6AEC5700EA5EFE /* Assets.xcassets in Resources */ = {isa = PBXBuildFile; fileRef = D824A78F2A6AEC5700EA5EFE /* Assets.xcassets */; };
		D824A7932A6AEC5700EA5EFE /* LaunchScreen.storyboard in Resources */ = {isa = PBXBuildFile; fileRef = D824A7912A6AEC5700EA5EFE /* LaunchScreen.storyboard */; };
		D824A7A42A6AEE6900EA5EFE /* MainViewController.swift in Sources */ = {isa = PBXBuildFile; fileRef = D824A7A32A6AEE6900EA5EFE /* MainViewController.swift */; };
		D824A7A62A6AEE8F00EA5EFE /* MainViewController + TableView.swift in Sources */ = {isa = PBXBuildFile; fileRef = D824A7A52A6AEE8F00EA5EFE /* MainViewController + TableView.swift */; };
		D824A7A82A6AEEA800EA5EFE /* MainViewModel.swift in Sources */ = {isa = PBXBuildFile; fileRef = D824A7A72A6AEEA800EA5EFE /* MainViewModel.swift */; };
		D824A7AA2A6AFC5000EA5EFE /* NetworkConstant.swift in Sources */ = {isa = PBXBuildFile; fileRef = D824A7A92A6AFC5000EA5EFE /* NetworkConstant.swift */; };
		D8660F8D2A6D2FBC00E5E363 /* MainMovieCell.swift in Sources */ = {isa = PBXBuildFile; fileRef = D8660F8C2A6D2FBC00E5E363 /* MainMovieCell.swift */; };
		D86CF1642A70EE39004AFE4A /* DetailMovieViewController.swift in Sources */ = {isa = PBXBuildFile; fileRef = D86CF1632A70EE39004AFE4A /* DetailMovieViewController.swift */; };
		D86CF1662A7125FC004AFE4A /* DetailsMovieViewModel.swift in Sources */ = {isa = PBXBuildFile; fileRef = D86CF1652A7125FC004AFE4A /* DetailsMovieViewModel.swift */; };
		D86CF1682A712C76004AFE4A /* ImageDownloader.swift in Sources */ = {isa = PBXBuildFile; fileRef = D86CF1672A712C76004AFE4A /* ImageDownloader.swift */; };
		D8B269342A6EEADC002743DD /* UIViewExtension.swift in Sources */ = {isa = PBXBuildFile; fileRef = D8B269332A6EEADC002743DD /* UIViewExtension.swift */; };
		D8B269362A6EEDC6002743DD /* MovieCellViewModel.swift in Sources */ = {isa = PBXBuildFile; fileRef = D8B269352A6EEDC6002743DD /* MovieCellViewModel.swift */; };
		D8F1205A2A6BEE0A00B4EAD2 /* ObservableObject.swift in Sources */ = {isa = PBXBuildFile; fileRef = D8F120592A6BEE0A00B4EAD2 /* ObservableObject.swift */; };
/* End PBXBuildFile section */

/* Begin PBXFileReference section */
		D80410412A6BBA6C00E6A775 /* APICaller.swift */ = {isa = PBXFileReference; lastKnownFileType = sourcecode.swift; path = APICaller.swift; sourceTree = "<group>"; };
		D80410432A6BBAE600E6A775 /* TrendingMoviesModel.swift */ = {isa = PBXFileReference; lastKnownFileType = sourcecode.swift; path = TrendingMoviesModel.swift; sourceTree = "<group>"; };
		D824A7832A6AEC5600EA5EFE /* Movies app.app */ = {isa = PBXFileReference; explicitFileType = wrapper.application; includeInIndex = 0; path = "Movies app.app"; sourceTree = BUILT_PRODUCTS_DIR; };
		D824A7862A6AEC5600EA5EFE /* AppDelegate.swift */ = {isa = PBXFileReference; lastKnownFileType = sourcecode.swift; path = AppDelegate.swift; sourceTree = "<group>"; };
		D824A7882A6AEC5600EA5EFE /* SceneDelegate.swift */ = {isa = PBXFileReference; lastKnownFileType = sourcecode.swift; path = SceneDelegate.swift; sourceTree = "<group>"; };
		D824A78D2A6AEC5600EA5EFE /* Base */ = {isa = PBXFileReference; lastKnownFileType = file.storyboard; name = Base; path = Base.lproj/Main.storyboard; sourceTree = "<group>"; };
		D824A78F2A6AEC5700EA5EFE /* Assets.xcassets */ = {isa = PBXFileReference; lastKnownFileType = folder.assetcatalog; path = Assets.xcassets; sourceTree = "<group>"; };
		D824A7922A6AEC5700EA5EFE /* Base */ = {isa = PBXFileReference; lastKnownFileType = file.storyboard; name = Base; path = Base.lproj/LaunchScreen.storyboard; sourceTree = "<group>"; };
		D824A7942A6AEC5700EA5EFE /* Info.plist */ = {isa = PBXFileReference; lastKnownFileType = text.plist.xml; path = Info.plist; sourceTree = "<group>"; };
		D824A7A32A6AEE6900EA5EFE /* MainViewController.swift */ = {isa = PBXFileReference; lastKnownFileType = sourcecode.swift; path = MainViewController.swift; sourceTree = "<group>"; };
		D824A7A52A6AEE8F00EA5EFE /* MainViewController + TableView.swift */ = {isa = PBXFileReference; lastKnownFileType = sourcecode.swift; path = "MainViewController + TableView.swift"; sourceTree = "<group>"; };
		D824A7A72A6AEEA800EA5EFE /* MainViewModel.swift */ = {isa = PBXFileReference; lastKnownFileType = sourcecode.swift; path = MainViewModel.swift; sourceTree = "<group>"; };
		D824A7A92A6AFC5000EA5EFE /* NetworkConstant.swift */ = {isa = PBXFileReference; lastKnownFileType = sourcecode.swift; path = NetworkConstant.swift; sourceTree = "<group>"; };
		D8660F8C2A6D2FBC00E5E363 /* MainMovieCell.swift */ = {isa = PBXFileReference; lastKnownFileType = sourcecode.swift; path = MainMovieCell.swift; sourceTree = "<group>"; };
		D86CF1632A70EE39004AFE4A /* DetailMovieViewController.swift */ = {isa = PBXFileReference; lastKnownFileType = sourcecode.swift; path = DetailMovieViewController.swift; sourceTree = "<group>"; };
		D86CF1652A7125FC004AFE4A /* DetailsMovieViewModel.swift */ = {isa = PBXFileReference; lastKnownFileType = sourcecode.swift; path = DetailsMovieViewModel.swift; sourceTree = "<group>"; };
		D86CF1672A712C76004AFE4A /* ImageDownloader.swift */ = {isa = PBXFileReference; lastKnownFileType = sourcecode.swift; path = ImageDownloader.swift; sourceTree = "<group>"; };
		D8B269332A6EEADC002743DD /* UIViewExtension.swift */ = {isa = PBXFileReference; lastKnownFileType = sourcecode.swift; path = UIViewExtension.swift; sourceTree = "<group>"; };
		D8B269352A6EEDC6002743DD /* MovieCellViewModel.swift */ = {isa = PBXFileReference; lastKnownFileType = sourcecode.swift; path = MovieCellViewModel.swift; sourceTree = "<group>"; };
		D8F120592A6BEE0A00B4EAD2 /* ObservableObject.swift */ = {isa = PBXFileReference; lastKnownFileType = sourcecode.swift; path = ObservableObject.swift; sourceTree = "<group>"; };
/* End PBXFileReference section */

/* Begin PBXFrameworksBuildPhase section */
		D824A7802A6AEC5600EA5EFE /* Frameworks */ = {
			isa = PBXFrameworksBuildPhase;
			buildActionMask = 2147483647;
			files = (
			);
			runOnlyForDeploymentPostprocessing = 0;
		};
/* End PBXFrameworksBuildPhase section */

/* Begin PBXGroup section */
		D824A77A2A6AEC5600EA5EFE = {
			isa = PBXGroup;
			children = (
				D824A7852A6AEC5600EA5EFE /* Movies app */,
				D824A7842A6AEC5600EA5EFE /* Products */,
			);
			sourceTree = "<group>";
		};
		D824A7842A6AEC5600EA5EFE /* Products */ = {
			isa = PBXGroup;
			children = (
				D824A7832A6AEC5600EA5EFE /* Movies app.app */,
			);
			name = Products;
			sourceTree = "<group>";
		};
		D824A7852A6AEC5600EA5EFE /* Movies app */ = {
			isa = PBXGroup;
			children = (
				D8EFF2FF2A8901480012BC98 /* Application */,
				D824A79A2A6AECAA00EA5EFE /* Controllers */,
				D824A7A22A6AED3B00EA5EFE /* Networking */,
				D824A7A02A6AED2B00EA5EFE /* Extensions */,
				D824A79F2A6AED2400EA5EFE /* Classes */,
				D824A79E2A6AECF100EA5EFE /* ViewModels */,
				D824A79D2A6AECE900EA5EFE /* Models */,
				D824A79C2A6AECCB00EA5EFE /* Views */,
				D824A78C2A6AEC5600EA5EFE /* Main.storyboard */,
				D824A78F2A6AEC5700EA5EFE /* Assets.xcassets */,
				D824A7912A6AEC5700EA5EFE /* LaunchScreen.storyboard */,
				D824A7942A6AEC5700EA5EFE /* Info.plist */,
			);
			path = "Movies app";
			sourceTree = "<group>";
		};
		D824A79A2A6AECAA00EA5EFE /* Controllers */ = {
			isa = PBXGroup;
			children = (
				D824A7A32A6AEE6900EA5EFE /* MainViewController.swift */,
				D824A7A52A6AEE8F00EA5EFE /* MainViewController + TableView.swift */,
				D86CF1632A70EE39004AFE4A /* DetailMovieViewController.swift */,
			);
			path = Controllers;
			sourceTree = "<group>";
		};
		D824A79C2A6AECCB00EA5EFE /* Views */ = {
			isa = PBXGroup;
			children = (
				D8660F8C2A6D2FBC00E5E363 /* MainMovieCell.swift */,
			);
			path = Views;
			sourceTree = "<group>";
		};
		D824A79D2A6AECE900EA5EFE /* Models */ = {
			isa = PBXGroup;
			children = (
				D80410432A6BBAE600E6A775 /* TrendingMoviesModel.swift */,
			);
			path = Models;
			sourceTree = "<group>";
		};
		D824A79E2A6AECF100EA5EFE /* ViewModels */ = {
			isa = PBXGroup;
			children = (
				D824A7A72A6AEEA800EA5EFE /* MainViewModel.swift */,
				D8B269352A6EEDC6002743DD /* MovieCellViewModel.swift */,
				D86CF1652A7125FC004AFE4A /* DetailsMovieViewModel.swift */,
			);
			path = ViewModels;
			sourceTree = "<group>";
		};
		D824A79F2A6AED2400EA5EFE /* Classes */ = {
			isa = PBXGroup;
			children = (
				D8F120592A6BEE0A00B4EAD2 /* ObservableObject.swift */,
				D86CF1672A712C76004AFE4A /* ImageDownloader.swift */,
			);
			path = Classes;
			sourceTree = "<group>";
		};
		D824A7A02A6AED2B00EA5EFE /* Extensions */ = {
			isa = PBXGroup;
			children = (
				D8B269332A6EEADC002743DD /* UIViewExtension.swift */,
			);
			path = Extensions;
			sourceTree = "<group>";
		};
		D824A7A22A6AED3B00EA5EFE /* Networking */ = {
			isa = PBXGroup;
			children = (
				D824A7A92A6AFC5000EA5EFE /* NetworkConstant.swift */,
				D80410412A6BBA6C00E6A775 /* APICaller.swift */,
			);
			path = Networking;
			sourceTree = "<group>";
		};
		D8EFF2FF2A8901480012BC98 /* Application */ = {
			isa = PBXGroup;
			children = (
				D824A7862A6AEC5600EA5EFE /* AppDelegate.swift */,
				D824A7882A6AEC5600EA5EFE /* SceneDelegate.swift */,
			);
			path = Application;
			sourceTree = "<group>";
		};
/* End PBXGroup section */

/* Begin PBXNativeTarget section */
		D824A7822A6AEC5600EA5EFE /* Movies app */ = {
			isa = PBXNativeTarget;
			buildConfigurationList = D824A7972A6AEC5700EA5EFE /* Build configuration list for PBXNativeTarget "Movies app" */;
			buildPhases = (
				D824A77F2A6AEC5600EA5EFE /* Sources */,
				D824A7802A6AEC5600EA5EFE /* Frameworks */,
				D824A7812A6AEC5600EA5EFE /* Resources */,
			);
			buildRules = (
			);
			dependencies = (
			);
			name = "Movies app";
			productName = "Movies app";
			productReference = D824A7832A6AEC5600EA5EFE /* Movies app.app */;
			productType = "com.apple.product-type.application";
		};
/* End PBXNativeTarget section */

/* Begin PBXProject section */
		D824A77B2A6AEC5600EA5EFE /* Project object */ = {
			isa = PBXProject;
			attributes = {
				BuildIndependentTargetsInParallel = 1;
				LastSwiftUpdateCheck = 1430;
				LastUpgradeCheck = 1430;
				TargetAttributes = {
					D824A7822A6AEC5600EA5EFE = {
						CreatedOnToolsVersion = 14.3;
					};
				};
			};
			buildConfigurationList = D824A77E2A6AEC5600EA5EFE /* Build configuration list for PBXProject "Movies app" */;
			compatibilityVersion = "Xcode 14.0";
			developmentRegion = en;
			hasScannedForEncodings = 0;
			knownRegions = (
				en,
				Base,
			);
			mainGroup = D824A77A2A6AEC5600EA5EFE;
			productRefGroup = D824A7842A6AEC5600EA5EFE /* Products */;
			projectDirPath = "";
			projectRoot = "";
			targets = (
				D824A7822A6AEC5600EA5EFE /* Movies app */,
			);
		};
/* End PBXProject section */

/* Begin PBXResourcesBuildPhase section */
		D824A7812A6AEC5600EA5EFE /* Resources */ = {
			isa = PBXResourcesBuildPhase;
			buildActionMask = 2147483647;
			files = (
				D824A7932A6AEC5700EA5EFE /* LaunchScreen.storyboard in Resources */,
				D824A7902A6AEC5700EA5EFE /* Assets.xcassets in Resources */,
				D824A78E2A6AEC5600EA5EFE /* Main.storyboard in Resources */,
			);
			runOnlyForDeploymentPostprocessing = 0;
		};
/* End PBXResourcesBuildPhase section */

/* Begin PBXSourcesBuildPhase section */
		D824A77F2A6AEC5600EA5EFE /* Sources */ = {
			isa = PBXSourcesBuildPhase;
			buildActionMask = 2147483647;
			files = (
				D86CF1662A7125FC004AFE4A /* DetailsMovieViewModel.swift in Sources */,
				D86CF1682A712C76004AFE4A /* ImageDownloader.swift in Sources */,
				D824A7A82A6AEEA800EA5EFE /* MainViewModel.swift in Sources */,
				D824A7A42A6AEE6900EA5EFE /* MainViewController.swift in Sources */,
				D8B269342A6EEADC002743DD /* UIViewExtension.swift in Sources */,
				D824A7A62A6AEE8F00EA5EFE /* MainViewController + TableView.swift in Sources */,
				D86CF1642A70EE39004AFE4A /* DetailMovieViewController.swift in Sources */,
				D80410442A6BBAE600E6A775 /* TrendingMoviesModel.swift in Sources */,
				D80410422A6BBA6C00E6A775 /* APICaller.swift in Sources */,
				D8660F8D2A6D2FBC00E5E363 /* MainMovieCell.swift in Sources */,
				D8B269362A6EEDC6002743DD /* MovieCellViewModel.swift in Sources */,
				D824A7872A6AEC5600EA5EFE /* AppDelegate.swift in Sources */,
				D824A7AA2A6AFC5000EA5EFE /* NetworkConstant.swift in Sources */,
				D824A7892A6AEC5600EA5EFE /* SceneDelegate.swift in Sources */,
				D8F1205A2A6BEE0A00B4EAD2 /* ObservableObject.swift in Sources */,
			);
			runOnlyForDeploymentPostprocessing = 0;
		};
/* End PBXSourcesBuildPhase section */

/* Begin PBXVariantGroup section */
		D824A78C2A6AEC5600EA5EFE /* Main.storyboard */ = {
			isa = PBXVariantGroup;
			children = (
				D824A78D2A6AEC5600EA5EFE /* Base */,
			);
			name = Main.storyboard;
			sourceTree = "<group>";
		};
		D824A7912A6AEC5700EA5EFE /* LaunchScreen.storyboard */ = {
			isa = PBXVariantGroup;
			children = (
				D824A7922A6AEC5700EA5EFE /* Base */,
			);
			name = LaunchScreen.storyboard;
			sourceTree = "<group>";
		};
/* End PBXVariantGroup section */

/* Begin XCBuildConfiguration section */
		D824A7952A6AEC5700EA5EFE /* Debug */ = {
			isa = XCBuildConfiguration;
			buildSettings = {
				ALWAYS_SEARCH_USER_PATHS = NO;
				CLANG_ANALYZER_NONNULL = YES;
				CLANG_ANALYZER_NUMBER_OBJECT_CONVERSION = YES_AGGRESSIVE;
				CLANG_CXX_LANGUAGE_STANDARD = "gnu++20";
				CLANG_ENABLE_MODULES = YES;
				CLANG_ENABLE_OBJC_ARC = YES;
				CLANG_ENABLE_OBJC_WEAK = YES;
				CLANG_WARN_BLOCK_CAPTURE_AUTORELEASING = YES;
				CLANG_WARN_BOOL_CONVERSION = YES;
				CLANG_WARN_COMMA = YES;
				CLANG_WARN_CONSTANT_CONVERSION = YES;
				CLANG_WARN_DEPRECATED_OBJC_IMPLEMENTATIONS = YES;
				CLANG_WARN_DIRECT_OBJC_ISA_USAGE = YES_ERROR;
				CLANG_WARN_DOCUMENTATION_COMMENTS = YES;
				CLANG_WARN_EMPTY_BODY = YES;
				CLANG_WARN_ENUM_CONVERSION = YES;
				CLANG_WARN_INFINITE_RECURSION = YES;
				CLANG_WARN_INT_CONVERSION = YES;
				CLANG_WARN_NON_LITERAL_NULL_CONVERSION = YES;
				CLANG_WARN_OBJC_IMPLICIT_RETAIN_SELF = YES;
				CLANG_WARN_OBJC_LITERAL_CONVERSION = YES;
				CLANG_WARN_OBJC_ROOT_CLASS = YES_ERROR;
				CLANG_WARN_QUOTED_INCLUDE_IN_FRAMEWORK_HEADER = YES;
				CLANG_WARN_RANGE_LOOP_ANALYSIS = YES;
				CLANG_WARN_STRICT_PROTOTYPES = YES;
				CLANG_WARN_SUSPICIOUS_MOVE = YES;
				CLANG_WARN_UNGUARDED_AVAILABILITY = YES_AGGRESSIVE;
				CLANG_WARN_UNREACHABLE_CODE = YES;
				CLANG_WARN__DUPLICATE_METHOD_MATCH = YES;
				COPY_PHASE_STRIP = NO;
				DEBUG_INFORMATION_FORMAT = dwarf;
				ENABLE_STRICT_OBJC_MSGSEND = YES;
				ENABLE_TESTABILITY = YES;
				GCC_C_LANGUAGE_STANDARD = gnu11;
				GCC_DYNAMIC_NO_PIC = NO;
				GCC_NO_COMMON_BLOCKS = YES;
				GCC_OPTIMIZATION_LEVEL = 0;
				GCC_PREPROCESSOR_DEFINITIONS = (
					"DEBUG=1",
					"$(inherited)",
				);
				GCC_WARN_64_TO_32_BIT_CONVERSION = YES;
				GCC_WARN_ABOUT_RETURN_TYPE = YES_ERROR;
				GCC_WARN_UNDECLARED_SELECTOR = YES;
				GCC_WARN_UNINITIALIZED_AUTOS = YES_AGGRESSIVE;
				GCC_WARN_UNUSED_FUNCTION = YES;
				GCC_WARN_UNUSED_VARIABLE = YES;
				IPHONEOS_DEPLOYMENT_TARGET = 16.4;
				MTL_ENABLE_DEBUG_INFO = INCLUDE_SOURCE;
				MTL_FAST_MATH = YES;
				ONLY_ACTIVE_ARCH = YES;
				SDKROOT = iphoneos;
				SWIFT_ACTIVE_COMPILATION_CONDITIONS = DEBUG;
				SWIFT_OPTIMIZATION_LEVEL = "-Onone";
			};
			name = Debug;
		};
		D824A7962A6AEC5700EA5EFE /* Release */ = {
			isa = XCBuildConfiguration;
			buildSettings = {
				ALWAYS_SEARCH_USER_PATHS = NO;
				CLANG_ANALYZER_NONNULL = YES;
				CLANG_ANALYZER_NUMBER_OBJECT_CONVERSION = YES_AGGRESSIVE;
				CLANG_CXX_LANGUAGE_STANDARD = "gnu++20";
				CLANG_ENABLE_MODULES = YES;
				CLANG_ENABLE_OBJC_ARC = YES;
				CLANG_ENABLE_OBJC_WEAK = YES;
				CLANG_WARN_BLOCK_CAPTURE_AUTORELEASING = YES;
				CLANG_WARN_BOOL_CONVERSION = YES;
				CLANG_WARN_COMMA = YES;
				CLANG_WARN_CONSTANT_CONVERSION = YES;
				CLANG_WARN_DEPRECATED_OBJC_IMPLEMENTATIONS = YES;
				CLANG_WARN_DIRECT_OBJC_ISA_USAGE = YES_ERROR;
				CLANG_WARN_DOCUMENTATION_COMMENTS = YES;
				CLANG_WARN_EMPTY_BODY = YES;
				CLANG_WARN_ENUM_CONVERSION = YES;
				CLANG_WARN_INFINITE_RECURSION = YES;
				CLANG_WARN_INT_CONVERSION = YES;
				CLANG_WARN_NON_LITERAL_NULL_CONVERSION = YES;
				CLANG_WARN_OBJC_IMPLICIT_RETAIN_SELF = YES;
				CLANG_WARN_OBJC_LITERAL_CONVERSION = YES;
				CLANG_WARN_OBJC_ROOT_CLASS = YES_ERROR;
				CLANG_WARN_QUOTED_INCLUDE_IN_FRAMEWORK_HEADER = YES;
				CLANG_WARN_RANGE_LOOP_ANALYSIS = YES;
				CLANG_WARN_STRICT_PROTOTYPES = YES;
				CLANG_WARN_SUSPICIOUS_MOVE = YES;
				CLANG_WARN_UNGUARDED_AVAILABILITY = YES_AGGRESSIVE;
				CLANG_WARN_UNREACHABLE_CODE = YES;
				CLANG_WARN__DUPLICATE_METHOD_MATCH = YES;
				COPY_PHASE_STRIP = NO;
				DEBUG_INFORMATION_FORMAT = "dwarf-with-dsym";
				ENABLE_NS_ASSERTIONS = NO;
				ENABLE_STRICT_OBJC_MSGSEND = YES;
				GCC_C_LANGUAGE_STANDARD = gnu11;
				GCC_NO_COMMON_BLOCKS = YES;
				GCC_WARN_64_TO_32_BIT_CONVERSION = YES;
				GCC_WARN_ABOUT_RETURN_TYPE = YES_ERROR;
				GCC_WARN_UNDECLARED_SELECTOR = YES;
				GCC_WARN_UNINITIALIZED_AUTOS = YES_AGGRESSIVE;
				GCC_WARN_UNUSED_FUNCTION = YES;
				GCC_WARN_UNUSED_VARIABLE = YES;
				IPHONEOS_DEPLOYMENT_TARGET = 16.4;
				MTL_ENABLE_DEBUG_INFO = NO;
				MTL_FAST_MATH = YES;
				SDKROOT = iphoneos;
				SWIFT_COMPILATION_MODE = wholemodule;
				SWIFT_OPTIMIZATION_LEVEL = "-O";
				VALIDATE_PRODUCT = YES;
			};
			name = Release;
		};
		D824A7982A6AEC5700EA5EFE /* Debug */ = {
			isa = XCBuildConfiguration;
			buildSettings = {
				ASSETCATALOG_COMPILER_APPICON_NAME = AppIcon;
				ASSETCATALOG_COMPILER_GLOBAL_ACCENT_COLOR_NAME = AccentColor;
				CODE_SIGN_STYLE = Automatic;
				CURRENT_PROJECT_VERSION = 1;
				DEVELOPMENT_TEAM = GR8US969Q4;
				GENERATE_INFOPLIST_FILE = YES;
				INFOPLIST_FILE = "Movies app/Info.plist";
				INFOPLIST_KEY_UIApplicationSupportsIndirectInputEvents = YES;
				INFOPLIST_KEY_UILaunchStoryboardName = LaunchScreen;
				INFOPLIST_KEY_UIMainStoryboardFile = Main;
				INFOPLIST_KEY_UISupportedInterfaceOrientations_iPad = "UIInterfaceOrientationPortrait UIInterfaceOrientationPortraitUpsideDown UIInterfaceOrientationLandscapeLeft UIInterfaceOrientationLandscapeRight";
				INFOPLIST_KEY_UISupportedInterfaceOrientations_iPhone = "UIInterfaceOrientationPortrait UIInterfaceOrientationLandscapeLeft UIInterfaceOrientationLandscapeRight";
				LD_RUNPATH_SEARCH_PATHS = (
					"$(inherited)",
					"@executable_path/Frameworks",
				);
				MARKETING_VERSION = 1.0;
				PRODUCT_BUNDLE_IDENTIFIER = "com.example.apple-samplecode.Movies-app";
				PRODUCT_NAME = "$(TARGET_NAME)";
				SWIFT_EMIT_LOC_STRINGS = YES;
				SWIFT_VERSION = 5.0;
				TARGETED_DEVICE_FAMILY = "1,2";
			};
			name = Debug;
		};
		D824A7992A6AEC5700EA5EFE /* Release */ = {
			isa = XCBuildConfiguration;
			buildSettings = {
				ASSETCATALOG_COMPILER_APPICON_NAME = AppIcon;
				ASSETCATALOG_COMPILER_GLOBAL_ACCENT_COLOR_NAME = AccentColor;
				CODE_SIGN_STYLE = Automatic;
				CURRENT_PROJECT_VERSION = 1;
				DEVELOPMENT_TEAM = GR8US969Q4;
				GENERATE_INFOPLIST_FILE = YES;
				INFOPLIST_FILE = "Movies app/Info.plist";
				INFOPLIST_KEY_UIApplicationSupportsIndirectInputEvents = YES;
				INFOPLIST_KEY_UILaunchStoryboardName = LaunchScreen;
				INFOPLIST_KEY_UIMainStoryboardFile = Main;
				INFOPLIST_KEY_UISupportedInterfaceOrientations_iPad = "UIInterfaceOrientationPortrait UIInterfaceOrientationPortraitUpsideDown UIInterfaceOrientationLandscapeLeft UIInterfaceOrientationLandscapeRight";
				INFOPLIST_KEY_UISupportedInterfaceOrientations_iPhone = "UIInterfaceOrientationPortrait UIInterfaceOrientationLandscapeLeft UIInterfaceOrientationLandscapeRight";
				LD_RUNPATH_SEARCH_PATHS = (
					"$(inherited)",
					"@executable_path/Frameworks",
				);
				MARKETING_VERSION = 1.0;
				PRODUCT_BUNDLE_IDENTIFIER = "com.example.apple-samplecode.Movies-app";
				PRODUCT_NAME = "$(TARGET_NAME)";
				SWIFT_EMIT_LOC_STRINGS = YES;
				SWIFT_VERSION = 5.0;
				TARGETED_DEVICE_FAMILY = "1,2";
			};
			name = Release;
		};
/* End XCBuildConfiguration section */

/* Begin XCConfigurationList section */
		D824A77E2A6AEC5600EA5EFE /* Build configuration list for PBXProject "Movies app" */ = {
			isa = XCConfigurationList;
			buildConfigurations = (
				D824A7952A6AEC5700EA5EFE /* Debug */,
				D824A7962A6AEC5700EA5EFE /* Release */,
			);
			defaultConfigurationIsVisible = 0;
			defaultConfigurationName = Release;
		};
		D824A7972A6AEC5700EA5EFE /* Build configuration list for PBXNativeTarget "Movies app" */ = {
			isa = XCConfigurationList;
			buildConfigurations = (
				D824A7982A6AEC5700EA5EFE /* Debug */,
				D824A7992A6AEC5700EA5EFE /* Release */,
			);
			defaultConfigurationIsVisible = 0;
			defaultConfigurationName = Release;
		};
/* End XCConfigurationList section */
	};
	rootObject = D824A77B2A6AEC5600EA5EFE /* Project object */;
}
